// !$*UTF8*$!
{
	archiveVersion = 1;
	classes = {
	};
	objectVersion = 51;
	objects = {

/* Begin PBXBuildFile section */
		3055E39923B86AD7008B9E52 /* AppDelegate.swift in Sources */ = {isa = PBXBuildFile; fileRef = 3055E39823B86AD7008B9E52 /* AppDelegate.swift */; };
		3055E39B23B86AD7008B9E52 /* SceneDelegate.swift in Sources */ = {isa = PBXBuildFile; fileRef = 3055E39A23B86AD7008B9E52 /* SceneDelegate.swift */; };
		3055E39D23B86AD7008B9E52 /* ViewController.swift in Sources */ = {isa = PBXBuildFile; fileRef = 3055E39C23B86AD7008B9E52 /* ViewController.swift */; };
		3055E3A023B86AD7008B9E52 /* Main.storyboard in Resources */ = {isa = PBXBuildFile; fileRef = 3055E39E23B86AD7008B9E52 /* Main.storyboard */; };
		3055E3A223B86AD9008B9E52 /* Assets.xcassets in Resources */ = {isa = PBXBuildFile; fileRef = 3055E3A123B86AD9008B9E52 /* Assets.xcassets */; };
		3055E3A523B86AD9008B9E52 /* LaunchScreen.storyboard in Resources */ = {isa = PBXBuildFile; fileRef = 3055E3A323B86AD9008B9E52 /* LaunchScreen.storyboard */; };
		3055E3B023B86AD9008B9E52 /* SocialLoginTests.swift in Sources */ = {isa = PBXBuildFile; fileRef = 3055E3AF23B86AD9008B9E52 /* SocialLoginTests.swift */; };
		3055E3BB23B86AD9008B9E52 /* SocialLoginUITests.swift in Sources */ = {isa = PBXBuildFile; fileRef = 3055E3BA23B86AD9008B9E52 /* SocialLoginUITests.swift */; };
		CD57BBD5E6B1411BDA6FC471 /* Pods_SocialLogin.framework in Frameworks */ = {isa = PBXBuildFile; fileRef = 3D4A2794DCC3CCD6AF480F31 /* Pods_SocialLogin.framework */; };
/* End PBXBuildFile section */

/* Begin PBXContainerItemProxy section */
		3055E3AC23B86AD9008B9E52 /* PBXContainerItemProxy */ = {
			isa = PBXContainerItemProxy;
			containerPortal = 3055E38D23B86AD7008B9E52 /* Project object */;
			proxyType = 1;
			remoteGlobalIDString = 3055E39423B86AD7008B9E52;
			remoteInfo = SocialLogin;
		};
		3055E3B723B86AD9008B9E52 /* PBXContainerItemProxy */ = {
			isa = PBXContainerItemProxy;
			containerPortal = 3055E38D23B86AD7008B9E52 /* Project object */;
			proxyType = 1;
			remoteGlobalIDString = 3055E39423B86AD7008B9E52;
			remoteInfo = SocialLogin;
		};
/* End PBXContainerItemProxy section */

/* Begin PBXFileReference section */
		3055E39523B86AD7008B9E52 /* SocialLogin.app */ = {isa = PBXFileReference; explicitFileType = wrapper.application; includeInIndex = 0; path = SocialLogin.app; sourceTree = BUILT_PRODUCTS_DIR; };
		3055E39823B86AD7008B9E52 /* AppDelegate.swift */ = {isa = PBXFileReference; lastKnownFileType = sourcecode.swift; path = AppDelegate.swift; sourceTree = "<group>"; };
		3055E39A23B86AD7008B9E52 /* SceneDelegate.swift */ = {isa = PBXFileReference; lastKnownFileType = sourcecode.swift; path = SceneDelegate.swift; sourceTree = "<group>"; };
		3055E39C23B86AD7008B9E52 /* ViewController.swift */ = {isa = PBXFileReference; lastKnownFileType = sourcecode.swift; path = ViewController.swift; sourceTree = "<group>"; };
		3055E39F23B86AD7008B9E52 /* Base */ = {isa = PBXFileReference; lastKnownFileType = file.storyboard; name = Base; path = Base.lproj/Main.storyboard; sourceTree = "<group>"; };
		3055E3A123B86AD9008B9E52 /* Assets.xcassets */ = {isa = PBXFileReference; lastKnownFileType = folder.assetcatalog; path = Assets.xcassets; sourceTree = "<group>"; };
		3055E3A423B86AD9008B9E52 /* Base */ = {isa = PBXFileReference; lastKnownFileType = file.storyboard; name = Base; path = Base.lproj/LaunchScreen.storyboard; sourceTree = "<group>"; };
		3055E3A623B86AD9008B9E52 /* Info.plist */ = {isa = PBXFileReference; lastKnownFileType = text.plist.xml; path = Info.plist; sourceTree = "<group>"; };
		3055E3AB23B86AD9008B9E52 /* SocialLoginTests.xctest */ = {isa = PBXFileReference; explicitFileType = wrapper.cfbundle; includeInIndex = 0; path = SocialLoginTests.xctest; sourceTree = BUILT_PRODUCTS_DIR; };
		3055E3AF23B86AD9008B9E52 /* SocialLoginTests.swift */ = {isa = PBXFileReference; lastKnownFileType = sourcecode.swift; path = SocialLoginTests.swift; sourceTree = "<group>"; };
		3055E3B123B86AD9008B9E52 /* Info.plist */ = {isa = PBXFileReference; lastKnownFileType = text.plist.xml; path = Info.plist; sourceTree = "<group>"; };
		3055E3B623B86AD9008B9E52 /* SocialLoginUITests.xctest */ = {isa = PBXFileReference; explicitFileType = wrapper.cfbundle; includeInIndex = 0; path = SocialLoginUITests.xctest; sourceTree = BUILT_PRODUCTS_DIR; };
		3055E3BA23B86AD9008B9E52 /* SocialLoginUITests.swift */ = {isa = PBXFileReference; lastKnownFileType = sourcecode.swift; path = SocialLoginUITests.swift; sourceTree = "<group>"; };
		3055E3BC23B86AD9008B9E52 /* Info.plist */ = {isa = PBXFileReference; lastKnownFileType = text.plist.xml; path = Info.plist; sourceTree = "<group>"; };
		3D4A2794DCC3CCD6AF480F31 /* Pods_SocialLogin.framework */ = {isa = PBXFileReference; explicitFileType = wrapper.framework; includeInIndex = 0; path = Pods_SocialLogin.framework; sourceTree = BUILT_PRODUCTS_DIR; };
		8279F05D55B622CDBA70AD25 /* Pods-SocialLogin.debug.xcconfig */ = {isa = PBXFileReference; includeInIndex = 1; lastKnownFileType = text.xcconfig; name = "Pods-SocialLogin.debug.xcconfig"; path = "Target Support Files/Pods-SocialLogin/Pods-SocialLogin.debug.xcconfig"; sourceTree = "<group>"; };
		887742D3E6BA835054728A9D /* Pods-SocialLogin.release.xcconfig */ = {isa = PBXFileReference; includeInIndex = 1; lastKnownFileType = text.xcconfig; name = "Pods-SocialLogin.release.xcconfig"; path = "Target Support Files/Pods-SocialLogin/Pods-SocialLogin.release.xcconfig"; sourceTree = "<group>"; };
/* End PBXFileReference section */

/* Begin PBXFrameworksBuildPhase section */
		3055E39223B86AD7008B9E52 /* Frameworks */ = {
			isa = PBXFrameworksBuildPhase;
			buildActionMask = 2147483647;
			files = (
				CD57BBD5E6B1411BDA6FC471 /* Pods_SocialLogin.framework in Frameworks */,
			);
			runOnlyForDeploymentPostprocessing = 0;
		};
		3055E3A823B86AD9008B9E52 /* Frameworks */ = {
			isa = PBXFrameworksBuildPhase;
			buildActionMask = 2147483647;
			files = (
			);
			runOnlyForDeploymentPostprocessing = 0;
		};
		3055E3B323B86AD9008B9E52 /* Frameworks */ = {
			isa = PBXFrameworksBuildPhase;
			buildActionMask = 2147483647;
			files = (
			);
			runOnlyForDeploymentPostprocessing = 0;
		};
/* End PBXFrameworksBuildPhase section */

/* Begin PBXGroup section */
		1E1D30A25BECF20988D0E52E /* Frameworks */ = {
			isa = PBXGroup;
			children = (
				3D4A2794DCC3CCD6AF480F31 /* Pods_SocialLogin.framework */,
			);
			name = Frameworks;
			sourceTree = "<group>";
		};
		3055E38C23B86AD7008B9E52 = {
			isa = PBXGroup;
			children = (
				3055E39723B86AD7008B9E52 /* SocialLogin */,
				3055E3AE23B86AD9008B9E52 /* SocialLoginTests */,
				3055E3B923B86AD9008B9E52 /* SocialLoginUITests */,
				3055E39623B86AD7008B9E52 /* Products */,
				F351EAF11A08C1BAF181C338 /* Pods */,
				1E1D30A25BECF20988D0E52E /* Frameworks */,
			);
			sourceTree = "<group>";
		};
		3055E39623B86AD7008B9E52 /* Products */ = {
			isa = PBXGroup;
			children = (
				3055E39523B86AD7008B9E52 /* SocialLogin.app */,
				3055E3AB23B86AD9008B9E52 /* SocialLoginTests.xctest */,
				3055E3B623B86AD9008B9E52 /* SocialLoginUITests.xctest */,
			);
			name = Products;
			sourceTree = "<group>";
		};
		3055E39723B86AD7008B9E52 /* SocialLogin */ = {
			isa = PBXGroup;
			children = (
				3055E39823B86AD7008B9E52 /* AppDelegate.swift */,
				3055E39A23B86AD7008B9E52 /* SceneDelegate.swift */,
				3055E39C23B86AD7008B9E52 /* ViewController.swift */,
				3055E39E23B86AD7008B9E52 /* Main.storyboard */,
				3055E3A123B86AD9008B9E52 /* Assets.xcassets */,
				3055E3A323B86AD9008B9E52 /* LaunchScreen.storyboard */,
				3055E3A623B86AD9008B9E52 /* Info.plist */,
			);
			path = SocialLogin;
			sourceTree = "<group>";
		};
		3055E3AE23B86AD9008B9E52 /* SocialLoginTests */ = {
			isa = PBXGroup;
			children = (
				3055E3AF23B86AD9008B9E52 /* SocialLoginTests.swift */,
				3055E3B123B86AD9008B9E52 /* Info.plist */,
			);
			path = SocialLoginTests;
			sourceTree = "<group>";
		};
		3055E3B923B86AD9008B9E52 /* SocialLoginUITests */ = {
			isa = PBXGroup;
			children = (
				3055E3BA23B86AD9008B9E52 /* SocialLoginUITests.swift */,
				3055E3BC23B86AD9008B9E52 /* Info.plist */,
			);
			path = SocialLoginUITests;
			sourceTree = "<group>";
		};
		F351EAF11A08C1BAF181C338 /* Pods */ = {
			isa = PBXGroup;
			children = (
				8279F05D55B622CDBA70AD25 /* Pods-SocialLogin.debug.xcconfig */,
				887742D3E6BA835054728A9D /* Pods-SocialLogin.release.xcconfig */,
			);
			path = Pods;
			sourceTree = "<group>";
		};
/* End PBXGroup section */

/* Begin PBXNativeTarget section */
		3055E39423B86AD7008B9E52 /* SocialLogin */ = {
			isa = PBXNativeTarget;
			buildConfigurationList = 3055E3BF23B86AD9008B9E52 /* Build configuration list for PBXNativeTarget "SocialLogin" */;
			buildPhases = (
				7AA5744EF598F2C900E9E546 /* [CP] Check Pods Manifest.lock */,
				3055E39123B86AD7008B9E52 /* Sources */,
				3055E39223B86AD7008B9E52 /* Frameworks */,
				3055E39323B86AD7008B9E52 /* Resources */,
				6E09CA4592308F0256D758D3 /* [CP] Embed Pods Frameworks */,
				F6FC0D16FE3B378E25165A4E /* [CP] Copy Pods Resources */,
			);
			buildRules = (
			);
			dependencies = (
			);
			name = SocialLogin;
			productName = SocialLogin;
			productReference = 3055E39523B86AD7008B9E52 /* SocialLogin.app */;
			productType = "com.apple.product-type.application";
		};
		3055E3AA23B86AD9008B9E52 /* SocialLoginTests */ = {
			isa = PBXNativeTarget;
			buildConfigurationList = 3055E3C223B86AD9008B9E52 /* Build configuration list for PBXNativeTarget "SocialLoginTests" */;
			buildPhases = (
				3055E3A723B86AD9008B9E52 /* Sources */,
				3055E3A823B86AD9008B9E52 /* Frameworks */,
				3055E3A923B86AD9008B9E52 /* Resources */,
			);
			buildRules = (
			);
			dependencies = (
				3055E3AD23B86AD9008B9E52 /* PBXTargetDependency */,
			);
			name = SocialLoginTests;
			productName = SocialLoginTests;
			productReference = 3055E3AB23B86AD9008B9E52 /* SocialLoginTests.xctest */;
			productType = "com.apple.product-type.bundle.unit-test";
		};
		3055E3B523B86AD9008B9E52 /* SocialLoginUITests */ = {
			isa = PBXNativeTarget;
			buildConfigurationList = 3055E3C523B86AD9008B9E52 /* Build configuration list for PBXNativeTarget "SocialLoginUITests" */;
			buildPhases = (
				3055E3B223B86AD9008B9E52 /* Sources */,
				3055E3B323B86AD9008B9E52 /* Frameworks */,
				3055E3B423B86AD9008B9E52 /* Resources */,
			);
			buildRules = (
			);
			dependencies = (
				3055E3B823B86AD9008B9E52 /* PBXTargetDependency */,
			);
			name = SocialLoginUITests;
			productName = SocialLoginUITests;
			productReference = 3055E3B623B86AD9008B9E52 /* SocialLoginUITests.xctest */;
			productType = "com.apple.product-type.bundle.ui-testing";
		};
/* End PBXNativeTarget section */

/* Begin PBXProject section */
		3055E38D23B86AD7008B9E52 /* Project object */ = {
			isa = PBXProject;
			attributes = {
				LastSwiftUpdateCheck = 1120;
				LastUpgradeCheck = 1120;
				ORGANIZATIONNAME = "ganesh padole";
				TargetAttributes = {
					3055E39423B86AD7008B9E52 = {
						CreatedOnToolsVersion = 11.2.1;
					};
					3055E3AA23B86AD9008B9E52 = {
						CreatedOnToolsVersion = 11.2.1;
						TestTargetID = 3055E39423B86AD7008B9E52;
					};
					3055E3B523B86AD9008B9E52 = {
						CreatedOnToolsVersion = 11.2.1;
						TestTargetID = 3055E39423B86AD7008B9E52;
					};
				};
			};
			buildConfigurationList = 3055E39023B86AD7008B9E52 /* Build configuration list for PBXProject "SocialLogin" */;
			compatibilityVersion = "Xcode 9.3";
			developmentRegion = en;
			hasScannedForEncodings = 0;
			knownRegions = (
				en,
				Base,
			);
			mainGroup = 3055E38C23B86AD7008B9E52;
			productRefGroup = 3055E39623B86AD7008B9E52 /* Products */;
			projectDirPath = "";
			projectRoot = "";
			targets = (
				3055E39423B86AD7008B9E52 /* SocialLogin */,
				3055E3AA23B86AD9008B9E52 /* SocialLoginTests */,
				3055E3B523B86AD9008B9E52 /* SocialLoginUITests */,
			);
		};
/* End PBXProject section */

/* Begin PBXResourcesBuildPhase section */
		3055E39323B86AD7008B9E52 /* Resources */ = {
			isa = PBXResourcesBuildPhase;
			buildActionMask = 2147483647;
			files = (
				3055E3A523B86AD9008B9E52 /* LaunchScreen.storyboard in Resources */,
				3055E3A223B86AD9008B9E52 /* Assets.xcassets in Resources */,
				3055E3A023B86AD7008B9E52 /* Main.storyboard in Resources */,
			);
			runOnlyForDeploymentPostprocessing = 0;
		};
		3055E3A923B86AD9008B9E52 /* Resources */ = {
			isa = PBXResourcesBuildPhase;
			buildActionMask = 2147483647;
			files = (
			);
			runOnlyForDeploymentPostprocessing = 0;
		};
		3055E3B423B86AD9008B9E52 /* Resources */ = {
			isa = PBXResourcesBuildPhase;
			buildActionMask = 2147483647;
			files = (
			);
			runOnlyForDeploymentPostprocessing = 0;
		};
/* End PBXResourcesBuildPhase section */

/* Begin PBXShellScriptBuildPhase section */
		6E09CA4592308F0256D758D3 /* [CP] Embed Pods Frameworks */ = {
			isa = PBXShellScriptBuildPhase;
			buildActionMask = 2147483647;
			files = (
			);
			inputFileListPaths = (
				"${PODS_ROOT}/Target Support Files/Pods-SocialLogin/Pods-SocialLogin-frameworks-${CONFIGURATION}-input-files.xcfilelist",
			);
			name = "[CP] Embed Pods Frameworks";
			outputFileListPaths = (
				"${PODS_ROOT}/Target Support Files/Pods-SocialLogin/Pods-SocialLogin-frameworks-${CONFIGURATION}-output-files.xcfilelist",
			);
			runOnlyForDeploymentPostprocessing = 0;
			shellPath = /bin/sh;
			shellScript = "\"${PODS_ROOT}/Target Support Files/Pods-SocialLogin/Pods-SocialLogin-frameworks.sh\"\n";
			showEnvVarsInLog = 0;
		};
		7AA5744EF598F2C900E9E546 /* [CP] Check Pods Manifest.lock */ = {
			isa = PBXShellScriptBuildPhase;
			buildActionMask = 2147483647;
			files = (
			);
			inputFileListPaths = (
			);
			inputPaths = (
				"${PODS_PODFILE_DIR_PATH}/Podfile.lock",
				"${PODS_ROOT}/Manifest.lock",
			);
			name = "[CP] Check Pods Manifest.lock";
			outputFileListPaths = (
			);
			outputPaths = (
				"$(DERIVED_FILE_DIR)/Pods-SocialLogin-checkManifestLockResult.txt",
			);
			runOnlyForDeploymentPostprocessing = 0;
			shellPath = /bin/sh;
			shellScript = "diff \"${PODS_PODFILE_DIR_PATH}/Podfile.lock\" \"${PODS_ROOT}/Manifest.lock\" > /dev/null\nif [ $? != 0 ] ; then\n    # print error to STDERR\n    echo \"error: The sandbox is not in sync with the Podfile.lock. Run 'pod install' or update your CocoaPods installation.\" >&2\n    exit 1\nfi\n# This output is used by Xcode 'outputs' to avoid re-running this script phase.\necho \"SUCCESS\" > \"${SCRIPT_OUTPUT_FILE_0}\"\n";
			showEnvVarsInLog = 0;
		};
		F6FC0D16FE3B378E25165A4E /* [CP] Copy Pods Resources */ = {
			isa = PBXShellScriptBuildPhase;
			buildActionMask = 2147483647;
			files = (
			);
			inputFileListPaths = (
				"${PODS_ROOT}/Target Support Files/Pods-SocialLogin/Pods-SocialLogin-resources-${CONFIGURATION}-input-files.xcfilelist",
			);
			name = "[CP] Copy Pods Resources";
			outputFileListPaths = (
				"${PODS_ROOT}/Target Support Files/Pods-SocialLogin/Pods-SocialLogin-resources-${CONFIGURATION}-output-files.xcfilelist",
			);
			runOnlyForDeploymentPostprocessing = 0;
			shellPath = /bin/sh;
			shellScript = "\"${PODS_ROOT}/Target Support Files/Pods-SocialLogin/Pods-SocialLogin-resources.sh\"\n";
			showEnvVarsInLog = 0;
		};
/* End PBXShellScriptBuildPhase section */

/* Begin PBXSourcesBuildPhase section */
		3055E39123B86AD7008B9E52 /* Sources */ = {
			isa = PBXSourcesBuildPhase;
			buildActionMask = 2147483647;
			files = (
				3055E39D23B86AD7008B9E52 /* ViewController.swift in Sources */,
				3055E39923B86AD7008B9E52 /* AppDelegate.swift in Sources */,
				3055E39B23B86AD7008B9E52 /* SceneDelegate.swift in Sources */,
			);
			runOnlyForDeploymentPostprocessing = 0;
		};
		3055E3A723B86AD9008B9E52 /* Sources */ = {
			isa = PBXSourcesBuildPhase;
			buildActionMask = 2147483647;
			files = (
				3055E3B023B86AD9008B9E52 /* SocialLoginTests.swift in Sources */,
			);
			runOnlyForDeploymentPostprocessing = 0;
		};
		3055E3B223B86AD9008B9E52 /* Sources */ = {
			isa = PBXSourcesBuildPhase;
			buildActionMask = 2147483647;
			files = (
				3055E3BB23B86AD9008B9E52 /* SocialLoginUITests.swift in Sources */,
			);
			runOnlyForDeploymentPostprocessing = 0;
		};
/* End PBXSourcesBuildPhase section */

/* Begin PBXTargetDependency section */
		3055E3AD23B86AD9008B9E52 /* PBXTargetDependency */ = {
			isa = PBXTargetDependency;
			target = 3055E39423B86AD7008B9E52 /* SocialLogin */;
			targetProxy = 3055E3AC23B86AD9008B9E52 /* PBXContainerItemProxy */;
		};
		3055E3B823B86AD9008B9E52 /* PBXTargetDependency */ = {
			isa = PBXTargetDependency;
			target = 3055E39423B86AD7008B9E52 /* SocialLogin */;
			targetProxy = 3055E3B723B86AD9008B9E52 /* PBXContainerItemProxy */;
		};
/* End PBXTargetDependency section */

/* Begin PBXVariantGroup section */
		3055E39E23B86AD7008B9E52 /* Main.storyboard */ = {
			isa = PBXVariantGroup;
			children = (
				3055E39F23B86AD7008B9E52 /* Base */,
			);
			name = Main.storyboard;
			sourceTree = "<group>";
		};
		3055E3A323B86AD9008B9E52 /* LaunchScreen.storyboard */ = {
			isa = PBXVariantGroup;
			children = (
				3055E3A423B86AD9008B9E52 /* Base */,
			);
			name = LaunchScreen.storyboard;
			sourceTree = "<group>";
		};
/* End PBXVariantGroup section */

/* Begin XCBuildConfiguration section */
		3055E3BD23B86AD9008B9E52 /* Debug */ = {
			isa = XCBuildConfiguration;
			buildSettings = {
				ALWAYS_SEARCH_USER_PATHS = NO;
				CLANG_ANALYZER_NONNULL = YES;
				CLANG_ANALYZER_NUMBER_OBJECT_CONVERSION = YES_AGGRESSIVE;
				CLANG_CXX_LANGUAGE_STANDARD = "gnu++14";
				CLANG_CXX_LIBRARY = "libc++";
				CLANG_ENABLE_MODULES = YES;
				CLANG_ENABLE_OBJC_ARC = YES;
				CLANG_ENABLE_OBJC_WEAK = YES;
				CLANG_WARN_BLOCK_CAPTURE_AUTORELEASING = YES;
				CLANG_WARN_BOOL_CONVERSION = YES;
				CLANG_WARN_COMMA = YES;
				CLANG_WARN_CONSTANT_CONVERSION = YES;
				CLANG_WARN_DEPRECATED_OBJC_IMPLEMENTATIONS = YES;
				CLANG_WARN_DIRECT_OBJC_ISA_USAGE = YES_ERROR;
				CLANG_WARN_DOCUMENTATION_COMMENTS = YES;
				CLANG_WARN_EMPTY_BODY = YES;
				CLANG_WARN_ENUM_CONVERSION = YES;
				CLANG_WARN_INFINITE_RECURSION = YES;
				CLANG_WARN_INT_CONVERSION = YES;
				CLANG_WARN_NON_LITERAL_NULL_CONVERSION = YES;
				CLANG_WARN_OBJC_IMPLICIT_RETAIN_SELF = YES;
				CLANG_WARN_OBJC_LITERAL_CONVERSION = YES;
				CLANG_WARN_OBJC_ROOT_CLASS = YES_ERROR;
				CLANG_WARN_RANGE_LOOP_ANALYSIS = YES;
				CLANG_WARN_STRICT_PROTOTYPES = YES;
				CLANG_WARN_SUSPICIOUS_MOVE = YES;
				CLANG_WARN_UNGUARDED_AVAILABILITY = YES_AGGRESSIVE;
				CLANG_WARN_UNREACHABLE_CODE = YES;
				CLANG_WARN__DUPLICATE_METHOD_MATCH = YES;
				COPY_PHASE_STRIP = NO;
				DEBUG_INFORMATION_FORMAT = dwarf;
				ENABLE_STRICT_OBJC_MSGSEND = YES;
				ENABLE_TESTABILITY = YES;
				GCC_C_LANGUAGE_STANDARD = gnu11;
				GCC_DYNAMIC_NO_PIC = NO;
				GCC_NO_COMMON_BLOCKS = YES;
				GCC_OPTIMIZATION_LEVEL = 0;
				GCC_PREPROCESSOR_DEFINITIONS = (
					"DEBUG=1",
					"$(inherited)",
				);
				GCC_WARN_64_TO_32_BIT_CONVERSION = YES;
				GCC_WARN_ABOUT_RETURN_TYPE = YES_ERROR;
				GCC_WARN_UNDECLARED_SELECTOR = YES;
				GCC_WARN_UNINITIALIZED_AUTOS = YES_AGGRESSIVE;
				GCC_WARN_UNUSED_FUNCTION = YES;
				GCC_WARN_UNUSED_VARIABLE = YES;
				IPHONEOS_DEPLOYMENT_TARGET = 13.2;
				MTL_ENABLE_DEBUG_INFO = INCLUDE_SOURCE;
				MTL_FAST_MATH = YES;
				ONLY_ACTIVE_ARCH = YES;
				SDKROOT = iphoneos;
				SWIFT_ACTIVE_COMPILATION_CONDITIONS = DEBUG;
				SWIFT_OPTIMIZATION_LEVEL = "-Onone";
			};
			name = Debug;
		};
		3055E3BE23B86AD9008B9E52 /* Release */ = {
			isa = XCBuildConfiguration;
			buildSettings = {
				ALWAYS_SEARCH_USER_PATHS = NO;
				CLANG_ANALYZER_NONNULL = YES;
				CLANG_ANALYZER_NUMBER_OBJECT_CONVERSION = YES_AGGRESSIVE;
				CLANG_CXX_LANGUAGE_STANDARD = "gnu++14";
				CLANG_CXX_LIBRARY = "libc++";
				CLANG_ENABLE_MODULES = YES;
				CLANG_ENABLE_OBJC_ARC = YES;
				CLANG_ENABLE_OBJC_WEAK = YES;
				CLANG_WARN_BLOCK_CAPTURE_AUTORELEASING = YES;
				CLANG_WARN_BOOL_CONVERSION = YES;
				CLANG_WARN_COMMA = YES;
				CLANG_WARN_CONSTANT_CONVERSION = YES;
				CLANG_WARN_DEPRECATED_OBJC_IMPLEMENTATIONS = YES;
				CLANG_WARN_DIRECT_OBJC_ISA_USAGE = YES_ERROR;
				CLANG_WARN_DOCUMENTATION_COMMENTS = YES;
				CLANG_WARN_EMPTY_BODY = YES;
				CLANG_WARN_ENUM_CONVERSION = YES;
				CLANG_WARN_INFINITE_RECURSION = YES;
				CLANG_WARN_INT_CONVERSION = YES;
				CLANG_WARN_NON_LITERAL_NULL_CONVERSION = YES;
				CLANG_WARN_OBJC_IMPLICIT_RETAIN_SELF = YES;
				CLANG_WARN_OBJC_LITERAL_CONVERSION = YES;
				CLANG_WARN_OBJC_ROOT_CLASS = YES_ERROR;
				CLANG_WARN_RANGE_LOOP_ANALYSIS = YES;
				CLANG_WARN_STRICT_PROTOTYPES = YES;
				CLANG_WARN_SUSPICIOUS_MOVE = YES;
				CLANG_WARN_UNGUARDED_AVAILABILITY = YES_AGGRESSIVE;
				CLANG_WARN_UNREACHABLE_CODE = YES;
				CLANG_WARN__DUPLICATE_METHOD_MATCH = YES;
				COPY_PHASE_STRIP = NO;
				DEBUG_INFORMATION_FORMAT = "dwarf-with-dsym";
				ENABLE_NS_ASSERTIONS = NO;
				ENABLE_STRICT_OBJC_MSGSEND = YES;
				GCC_C_LANGUAGE_STANDARD = gnu11;
				GCC_NO_COMMON_BLOCKS = YES;
				GCC_WARN_64_TO_32_BIT_CONVERSION = YES;
				GCC_WARN_ABOUT_RETURN_TYPE = YES_ERROR;
				GCC_WARN_UNDECLARED_SELECTOR = YES;
				GCC_WARN_UNINITIALIZED_AUTOS = YES_AGGRESSIVE;
				GCC_WARN_UNUSED_FUNCTION = YES;
				GCC_WARN_UNUSED_VARIABLE = YES;
				IPHONEOS_DEPLOYMENT_TARGET = 13.2;
				MTL_ENABLE_DEBUG_INFO = NO;
				MTL_FAST_MATH = YES;
				SDKROOT = iphoneos;
				SWIFT_COMPILATION_MODE = wholemodule;
				SWIFT_OPTIMIZATION_LEVEL = "-O";
				VALIDATE_PRODUCT = YES;
			};
			name = Release;
		};
		3055E3C023B86AD9008B9E52 /* Debug */ = {
			isa = XCBuildConfiguration;
			baseConfigurationReference = 8279F05D55B622CDBA70AD25 /* Pods-SocialLogin.debug.xcconfig */;
			buildSettings = {
				ASSETCATALOG_COMPILER_APPICON_NAME = AppIcon;
				CODE_SIGN_STYLE = Automatic;
				DEVELOPMENT_TEAM = 5828EJ5HNE;
				INFOPLIST_FILE = SocialLogin/Info.plist;
				LD_RUNPATH_SEARCH_PATHS = (
					"$(inherited)",
					"@executable_path/Frameworks",
				);
				PRODUCT_BUNDLE_IDENTIFIER = Abhishek.com.SocialLogin;
				PRODUCT_NAME = "$(TARGET_NAME)";
				SWIFT_VERSION = 5.0;
				TARGETED_DEVICE_FAMILY = "1,2";
			};
			name = Debug;
		};
		3055E3C123B86AD9008B9E52 /* Release */ = {
			isa = XCBuildConfiguration;
			baseConfigurationReference = 887742D3E6BA835054728A9D /* Pods-SocialLogin.release.xcconfig */;
			buildSettings = {
				ASSETCATALOG_COMPILER_APPICON_NAME = AppIcon;
				CODE_SIGN_STYLE = Automatic;
				DEVELOPMENT_TEAM = 5828EJ5HNE;
				INFOPLIST_FILE = SocialLogin/Info.plist;
				LD_RUNPATH_SEARCH_PATHS = (
					"$(inherited)",
					"@executable_path/Frameworks",
				);
				PRODUCT_BUNDLE_IDENTIFIER = Abhishek.com.SocialLogin;
				PRODUCT_NAME = "$(TARGET_NAME)";
				SWIFT_VERSION = 5.0;
				TARGETED_DEVICE_FAMILY = "1,2";
			};
			name = Release;
		};
		3055E3C323B86AD9008B9E52 /* Debug */ = {
			isa = XCBuildConfiguration;
			buildSettings = {
				ALWAYS_EMBED_SWIFT_STANDARD_LIBRARIES = YES;
				BUNDLE_LOADER = "$(TEST_HOST)";
				CODE_SIGN_STYLE = Automatic;
				DEVELOPMENT_TEAM = 5828EJ5HNE;
				INFOPLIST_FILE = SocialLoginTests/Info.plist;
				IPHONEOS_DEPLOYMENT_TARGET = 13.2;
				LD_RUNPATH_SEARCH_PATHS = (
					"$(inherited)",
					"@executable_path/Frameworks",
					"@loader_path/Frameworks",
				);
				PRODUCT_BUNDLE_IDENTIFIER = Abhishek.com.SocialLoginTests;
				PRODUCT_NAME = "$(TARGET_NAME)";
				SWIFT_VERSION = 5.0;
				TARGETED_DEVICE_FAMILY = "1,2";
				TEST_HOST = "$(BUILT_PRODUCTS_DIR)/SocialLogin.app/SocialLogin";
			};
			name = Debug;
		};
		3055E3C423B86AD9008B9E52 /* Release */ = {
			isa = XCBuildConfiguration;
			buildSettings = {
				ALWAYS_EMBED_SWIFT_STANDARD_LIBRARIES = YES;
				BUNDLE_LOADER = "$(TEST_HOST)";
				CODE_SIGN_STYLE = Automatic;
				DEVELOPMENT_TEAM = 5828EJ5HNE;
				INFOPLIST_FILE = SocialLoginTests/Info.plist;
				IPHONEOS_DEPLOYMENT_TARGET = 13.2;
				LD_RUNPATH_SEARCH_PATHS = (
					"$(inherited)",
					"@executable_path/Frameworks",
					"@loader_path/Frameworks",
				);
				PRODUCT_BUNDLE_IDENTIFIER = Abhishek.com.SocialLoginTests;
				PRODUCT_NAME = "$(TARGET_NAME)";
				SWIFT_VERSION = 5.0;
				TARGETED_DEVICE_FAMILY = "1,2";
				TEST_HOST = "$(BUILT_PRODUCTS_DIR)/SocialLogin.app/SocialLogin";
			};
			name = Release;
		};
		3055E3C623B86AD9008B9E52 /* Debug */ = {
			isa = XCBuildConfiguration;
			buildSettings = {
				ALWAYS_EMBED_SWIFT_STANDARD_LIBRARIES = YES;
				CODE_SIGN_STYLE = Automatic;
				DEVELOPMENT_TEAM = 5828EJ5HNE;
				INFOPLIST_FILE = SocialLoginUITests/Info.plist;
				LD_RUNPATH_SEARCH_PATHS = (
					"$(inherited)",
					"@executable_path/Frameworks",
					"@loader_path/Frameworks",
				);
				PRODUCT_BUNDLE_IDENTIFIER = Abhishek.com.SocialLoginUITests;
				PRODUCT_NAME = "$(TARGET_NAME)";
				SWIFT_VERSION = 5.0;
				TARGETED_DEVICE_FAMILY = "1,2";
				TEST_TARGET_NAME = SocialLogin;
			};
			name = Debug;
		};
		3055E3C723B86AD9008B9E52 /* Release */ = {
			isa = XCBuildConfiguration;
			buildSettings = {
				ALWAYS_EMBED_SWIFT_STANDARD_LIBRARIES = YES;
				CODE_SIGN_STYLE = Automatic;
				DEVELOPMENT_TEAM = 5828EJ5HNE;
				INFOPLIST_FILE = SocialLoginUITests/Info.plist;
				LD_RUNPATH_SEARCH_PATHS = (
					"$(inherited)",
					"@executable_path/Frameworks",
					"@loader_path/Frameworks",
				);
				PRODUCT_BUNDLE_IDENTIFIER = Abhishek.com.SocialLoginUITests;
				PRODUCT_NAME = "$(TARGET_NAME)";
				SWIFT_VERSION = 5.0;
				TARGETED_DEVICE_FAMILY = "1,2";
				TEST_TARGET_NAME = SocialLogin;
			};
			name = Release;
		};
/* End XCBuildConfiguration section */

/* Begin XCConfigurationList section */
		3055E39023B86AD7008B9E52 /* Build configuration list for PBXProject "SocialLogin" */ = {
			isa = XCConfigurationList;
			buildConfigurations = (
				3055E3BD23B86AD9008B9E52 /* Debug */,
				3055E3BE23B86AD9008B9E52 /* Release */,
			);
			defaultConfigurationIsVisible = 0;
			defaultConfigurationName = Release;
		};
		3055E3BF23B86AD9008B9E52 /* Build configuration list for PBXNativeTarget "SocialLogin" */ = {
			isa = XCConfigurationList;
			buildConfigurations = (
				3055E3C023B86AD9008B9E52 /* Debug */,
				3055E3C123B86AD9008B9E52 /* Release */,
			);
			defaultConfigurationIsVisible = 0;
			defaultConfigurationName = Release;
		};
		3055E3C223B86AD9008B9E52 /* Build configuration list for PBXNativeTarget "SocialLoginTests" */ = {
			isa = XCConfigurationList;
			buildConfigurations = (
				3055E3C323B86AD9008B9E52 /* Debug */,
				3055E3C423B86AD9008B9E52 /* Release */,
			);
			defaultConfigurationIsVisible = 0;
			defaultConfigurationName = Release;
		};
		3055E3C523B86AD9008B9E52 /* Build configuration list for PBXNativeTarget "SocialLoginUITests" */ = {
			isa = XCConfigurationList;
			buildConfigurations = (
				3055E3C623B86AD9008B9E52 /* Debug */,
				3055E3C723B86AD9008B9E52 /* Release */,
			);
			defaultConfigurationIsVisible = 0;
			defaultConfigurationName = Release;
		};
/* End XCConfigurationList section */
	};
	rootObject = 3055E38D23B86AD7008B9E52 /* Project object */;
}
